github.com/HuKeping/rbtree v0.0.0-20200208030951-29f0b79e84ed h1:YKqpA6qf8Bh73vj8Rv9SBB5OU558f2c1A889nCVUSLE=
github.com/HuKeping/rbtree v0.0.0-20200208030951-29f0b79e84ed/go.mod h1:bODsl3NElqKlgf1UkBLj67fYmY5DsqkKrrYm/kMT/6Y=
github.com/emirpasic/gods v1.12.0 h1:QAUIPSaCu4G+POclxeqb3F+WPpdKqFGlw36+yOzGlrg=
github.com/emirpasic/gods v1.12.0/go.mod h1:YfzfFFoVP/catgzJb4IKIqXjX78Ha8FMSDh3ymbK86o=
github.com/shopspring/decimal v1.2.0 h1:abSATXmQEYyShuxI4/vyW3tV1MrKAJzCZ/0zLUXYbsQ=
github.com/shopspring/decimal v1.2.0/go.mod h1:DKyhrW/HYNuLGql+MJL6WCR6knT2jwCFRcu2hWCYk4o=
gopkg.in/oleiade/lane.v1 v1.0.0 h1:Xs7/GTdnZNGuuXV7z8gTrHoHEeHdCnhuNXm4n0UpxjY=
gopkg.in/oleiade/lane.v1 v1.0.0/go.mod h1:e9mCiNjxfTGlkjxn/TPK3JUwhjKjby5cjXuGotH/QlE=
